{
  "meteor": {},
  "dependencies": {
    "basePackages": {
      "cordova-runtime": {}
    },
    "packages": {
      "cordova-runtime": {
        "git": "https://github.com/SpaceCapsule/Meteor-cordova-runtime.git",
        "tag": "v0.0.2",
        "commit": "5793fa3e9ac70a3269406962b342664eebc18f66"
      },
      "runtime": {
        "git": "https://github.com/SpaceCapsule/Meteor-runtime.git",
        "branch": "master",
        "commit": "0502be71f5e7b1dc28b041bb34fa6292675413c8"
      },
      "runtime-appcache": {
        "git": "https://github.com/SpaceCapsule/Meteor-runtime-appcache.git",
        "branch": "master",
        "commit": "8cf676dc3fcd6d522ccc330823c9eb5e035c3aa5"
      },
      "http-methods": {
        "git": "https://github.com/CollectionFS/Meteor-http-methods.git",
        "branch": "master",
        "commit": "5b0f7723f49436b8a0a930f284ed05f0b26021fe"
      },
      "useragent": {
        "git": "https://github.com/awwx/meteor-useragent.git",
        "branch": "master",
        "commit": "89c898e65f4bbce29f19babdd516dabe5207365e"
      }
    }
  }
}
